lockfileVersion: 5.4

specifiers:
  camelcase-keys: ^8.0.1
  snakecase-keys: ^5.4.2
  typescript: ^4.7.4

dependencies:
  camelcase-keys: 8.0.1
  snakecase-keys: 5.4.2

devDependencies:
  typescript: 4.7.4

packages:

  /camelcase-keys/8.0.1:
    resolution: {integrity: sha512-QIhTRYtbiDVHYMwNVWdhfJHnKYDpTfjNbU7Jn2X1U3yUSuxmjuFxVOPQMtbuStzIZHT71y4ZYCj7e9XuaGbthg==}
    engines: {node: '>=14.16'}
    dependencies:
      camelcase: 7.0.0
      map-obj: 4.3.0
      quick-lru: 6.1.1
      type-fest: 2.13.1
    dev: false

  /camelcase/7.0.0:
    resolution: {integrity: sha512-JToIvOmz6nhGsUhAYScbo2d6Py5wojjNfoxoc2mEVLUdJ70gJK2gnd+ABY1Tc3sVMyK7QDPtN0T/XdlCQWITyQ==}
    engines: {node: '>=14.16'}
    dev: false

  /dot-case/3.0.4:
    resolution: {integrity: sha512-Kv5nKlh6yRrdrGvxeJ2e5y2eRUpkUosIW4A2AS38zwSz27zu7ufDwQPi5Jhs3XAlGNetl3bmnGhQsMtkKJnj3w==}
    dependencies:
      no-case: 3.0.4
      tslib: 2.4.0
    dev: false

  /lower-case/2.0.2:
    resolution: {integrity: sha512-7fm3l3NAF9WfN6W3JOmf5drwpVqX78JtoGJ3A6W0a6ZnldM41w2fV5D490psKFTpMds8TJse/eHLFFsNHHjHgg==}
    dependencies:
      tslib: 2.4.0
    dev: false

  /map-obj/4.3.0:
    resolution: {integrity: sha512-hdN1wVrZbb29eBGiGjJbeP8JbKjq1urkHJ/LIP/NY48MZ1QVXUsQBV1G1zvYFHn1XE06cwjBsOI2K3Ulnj1YXQ==}
    engines: {node: '>=8'}
    dev: false

  /no-case/3.0.4:
    resolution: {integrity: sha512-fgAN3jGAh+RoxUGZHTSOLJIqUc2wmoBwGR4tbpNAKmmovFoWq0OdRkb0VkldReO2a2iBT/OEulG9XSUc10r3zg==}
    dependencies:
      lower-case: 2.0.2
      tslib: 2.4.0
    dev: false

  /quick-lru/6.1.1:
    resolution: {integrity: sha512-S27GBT+F0NTRiehtbrgaSE1idUAJ5bX8dPAQTdylEyNlrdcH5X4Lz7Edz3DYzecbsCluD5zO8ZNEe04z3D3u6Q==}
    engines: {node: '>=12'}
    dev: false

  /snake-case/3.0.4:
    resolution: {integrity: sha512-LAOh4z89bGQvl9pFfNF8V146i7o7/CqFPbqzYgP+yYzDIDeS9HaNFtXABamRW+AQzEVODcvE79ljJ+8a9YSdMg==}
    dependencies:
      dot-case: 3.0.4
      tslib: 2.4.0
    dev: false

  /snakecase-keys/5.4.2:
    resolution: {integrity: sha512-6mzBNP9t1ghArxcaCxZNGIJewE9qyH+eUQIGba9I7MJcZoV4WX4fM2Y+/K9+BGHCFB94ZASfoC3F44UxLXce+A==}
    engines: {node: '>=12'}
    dependencies:
      map-obj: 4.3.0
      snake-case: 3.0.4
      type-fest: 2.13.1
    dev: false

  /tslib/2.4.0:
    resolution: {integrity: sha512-d6xOpEDfsi2CZVlPQzGeux8XMwLT9hssAsaPYExaQMuYskwb+x1x7J371tWlbBdWHroy99KnVB6qIkUbs5X3UQ==}
    dev: false

  /type-fest/2.13.1:
    resolution: {integrity: sha512-hXYyrPFwETT2swFLHeoKtJrvSF/ftG/sA15/8nGaLuaDGfVAaq8DYFpu4yOyV4tzp082WqnTEoMsm3flKMI2FQ==}
    engines: {node: '>=12.20'}
    dev: false

  /typescript/4.7.4:
    resolution: {integrity: sha512-C0WQT0gezHuw6AdY1M2jxUO83Rjf0HP7Sk1DtXj6j1EwkQNZrHAg2XPWlq62oqEhYvONq5pkC2Y9oPljWToLmQ==}
    engines: {node: '>=4.2.0'}
    hasBin: true
    dev: true
